
Microsoft Visual Studio Solution File, Format Version 12.00
Project("{FAE04EC0-301F-11D3-BF4B-00C04F79EFBC}") = "SafariTest", "SafariTest\SafariTest.csproj", "{FA887B16-2113-4B4E-80E7-C462B5F01A49}"
EndProject
Global
	GlobalSection(SolutionConfigurationPlatforms) = preSolution
		Debug|Any CPU = Debug|Any CPU
		Release|Any CPU = Release|Any CPU
	EndGlobalSection
	GlobalSection(ProjectConfigurationPlatforms) = postSolution
		{FA887B16-2113-4B4E-80E7-C462B5F01A49}.Debug|Any CPU.ActiveCfg = Debug|Any CPU
		{FA887B16-2113-4B4E-80E7-C462B5F01A49}.Debug|Any CPU.Build.0 = Debug|Any CPU
		{FA887B16-2113-4B4E-80E7-C462B5F01A49}.Release|Any CPU.ActiveCfg = Release|Any CPU
		{FA887B16-2113-4B4E-80E7-C462B5F01A49}.Release|Any CPU.Build.0 = Release|Any CPU
	EndGlobalSection
EndGlobal
